<Solution>
  <Folder Name="/Solution Items/">
    <File Path="readme.md" />
  </Folder>
  <Project Path="OrderPortal.Api/OrderPortal.Api.csproj" />
  <Project Path="OrderPortal.Domain/OrderPortal.Domain.csproj">
    <Build Solution="Debug|*" Project="false" />
  </Project>
  <Project Path="OrderPortal.Tests/OrderPortal.Tests.csproj" Id="45a55448-e201-4e89-9e30-36421df840a2">
    <Build Solution="Debug|*" Project="false" />
  </Project>
</Solution>
